
Microsoft Visual Studio Solution File, Format Version 12.00
# Visual Studio Version 17
VisualStudioVersion = 17.1.32228.430
MinimumVisualStudioVersion = 10.0.40219.1
Project("{9A19103F-16F7-4668-BE54-9A1E7A4F7556}") = "EmployeeManagement.Web", "EmployeeManagement-Web\EmployeeManagement.Web.csproj", "{125E08EE-7DEA-4743-9B91-F0D382B6BE4C}"
EndProject
Project("{9A19103F-16F7-4668-BE54-9A1E7A4F7556}") = "EmployeeManagement.Business", "EmployeeManagement-Business\EmployeeManagement.Business.csproj", "{1589D5BC-41D3-4745-BCCE-7EB48B71C38D}"
EndProject
Project("{9A19103F-16F7-4668-BE54-9A1E7A4F7556}") = "EmployeeManagement.Repository", "EmployeeManagement-Repository\EmployeeManagement.Repository.csproj", "{8FA0659C-FD11-4E58-890B-E972E6302713}"
EndProject
Project("{00D1A9C2-B5F0-4AF3-8072-F6C62B433612}") = "Database", "Database\Database.sqlproj", "{2C63C2F9-7463-4C47-B8F3-E6CC0A1A2345}"
EndProject
Global
	GlobalSection(SolutionConfigurationPlatforms) = preSolution
		Debug|Any CPU = Debug|Any CPU
		Release|Any CPU = Release|Any CPU
	EndGlobalSection
	GlobalSection(ProjectConfigurationPlatforms) = postSolution
		{125E08EE-7DEA-4743-9B91-F0D382B6BE4C}.Debug|Any CPU.ActiveCfg = Debug|Any CPU
		{125E08EE-7DEA-4743-9B91-F0D382B6BE4C}.Debug|Any CPU.Build.0 = Debug|Any CPU
		{125E08EE-7DEA-4743-9B91-F0D382B6BE4C}.Release|Any CPU.ActiveCfg = Release|Any CPU
		{125E08EE-7DEA-4743-9B91-F0D382B6BE4C}.Release|Any CPU.Build.0 = Release|Any CPU
		{1589D5BC-41D3-4745-BCCE-7EB48B71C38D}.Debug|Any CPU.ActiveCfg = Debug|Any CPU
		{1589D5BC-41D3-4745-BCCE-7EB48B71C38D}.Debug|Any CPU.Build.0 = Debug|Any CPU
		{1589D5BC-41D3-4745-BCCE-7EB48B71C38D}.Release|Any CPU.ActiveCfg = Release|Any CPU
		{1589D5BC-41D3-4745-BCCE-7EB48B71C38D}.Release|Any CPU.Build.0 = Release|Any CPU
		{8FA0659C-FD11-4E58-890B-E972E6302713}.Debug|Any CPU.ActiveCfg = Debug|Any CPU
		{8FA0659C-FD11-4E58-890B-E972E6302713}.Debug|Any CPU.Build.0 = Debug|Any CPU
		{8FA0659C-FD11-4E58-890B-E972E6302713}.Release|Any CPU.ActiveCfg = Release|Any CPU
		{8FA0659C-FD11-4E58-890B-E972E6302713}.Release|Any CPU.Build.0 = Release|Any CPU
		{2C63C2F9-7463-4C47-B8F3-E6CC0A1A2345}.Debug|Any CPU.ActiveCfg = Debug|Any CPU
		{2C63C2F9-7463-4C47-B8F3-E6CC0A1A2345}.Debug|Any CPU.Build.0 = Debug|Any CPU
		{2C63C2F9-7463-4C47-B8F3-E6CC0A1A2345}.Debug|Any CPU.Deploy.0 = Debug|Any CPU
		{2C63C2F9-7463-4C47-B8F3-E6CC0A1A2345}.Release|Any CPU.ActiveCfg = Release|Any CPU
		{2C63C2F9-7463-4C47-B8F3-E6CC0A1A2345}.Release|Any CPU.Build.0 = Release|Any CPU
		{2C63C2F9-7463-4C47-B8F3-E6CC0A1A2345}.Release|Any CPU.Deploy.0 = Release|Any CPU
	EndGlobalSection
	GlobalSection(SolutionProperties) = preSolution
		HideSolutionNode = FALSE
	EndGlobalSection
	GlobalSection(ExtensibilityGlobals) = postSolution
		SolutionGuid = {547B9ACB-E0D0-45CC-BD25-D2A73930857C}
	EndGlobalSection
EndGlobal
